
Microsoft Visual Studio Solution File, Format Version 12.00
# Visual Studio 14
VisualStudioVersion = 14.0.25420.1
MinimumVisualStudioVersion = 10.0.40219.1
Project("{2150E333-8FDC-42A3-9474-1A3956D46DE8}") = "1.网站", "1.网站", "{D3AE0ECF-7C4B-4748-BB7A-60F1CB1ACCB1}"
EndProject
Project("{2150E333-8FDC-42A3-9474-1A3956D46DE8}") = "2.ORM", "2.ORM", "{E757A9AC-0F85-4289-8AEF-E09A0B8C4EA9}"
EndProject
Project("{FAE04EC0-301F-11D3-BF4B-00C04F79EFBC}") = "ZB.EntityFramework", "ZB.EntityFramework\ZB.EntityFramework.csproj", "{AE2309CA-F64A-4130-8CE4-D7DD7FC1FB98}"
EndProject
Project("{FAE04EC0-301F-11D3-BF4B-00C04F79EFBC}") = "ZB.Web", "ZB.Web\ZB.Web.csproj", "{7042B77A-7154-41F5-9D39-5AE45C318867}"
EndProject
Project("{2150E333-8FDC-42A3-9474-1A3956D46DE8}") = "3.工具类", "3.工具类", "{58FAFC4A-951E-4FBA-8F84-D2F88489597A}"
EndProject
Project("{FAE04EC0-301F-11D3-BF4B-00C04F79EFBC}") = "ZB.Common", "ZB.Common\ZB.Common.csproj", "{7D89182F-AE1B-4112-A41A-468A71614752}"
EndProject
Project("{2150E333-8FDC-42A3-9474-1A3956D46DE8}") = "4.框架", "4.框架", "{80BEAECE-EE7C-46D0-8177-61DF56175F3D}"
EndProject
Project("{FAE04EC0-301F-11D3-BF4B-00C04F79EFBC}") = "ZB.FrameWork", "ZB.FrameWork\ZB.FrameWork.csproj", "{FD61DF36-CBF0-40C7-87FA-0E75AC8B43E7}"
EndProject
Project("{2150E333-8FDC-42A3-9474-1A3956D46DE8}") = "5.业务", "5.业务", "{1C41034D-6555-4D34-8E45-B055E6531443}"
EndProject
Project("{FAE04EC0-301F-11D3-BF4B-00C04F79EFBC}") = "ZB.Business", "ZB.Business\ZB.Business.csproj", "{629D3B59-AC93-44A6-9F6A-69FF1A90453B}"
EndProject
Project("{FAE04EC0-301F-11D3-BF4B-00C04F79EFBC}") = "ZB.IBusiness", "ZB.IBusiness\ZB.IBusiness.csproj", "{75C0F507-A07C-45CD-BD39-C4400C2A8464}"
EndProject
Project("{FAE04EC0-301F-11D3-BF4B-00C04F79EFBC}") = "ZB.EntityFramework.DataAccess", "ZB.EntityFramework.DataAccess\ZB.EntityFramework.DataAccess.csproj", "{652C2871-EE21-4A9A-9B4B-9E4512CC2FD1}"
EndProject
Project("{FAE04EC0-301F-11D3-BF4B-00C04F79EFBC}") = "ZB.Entity", "ZB.Entity\ZB.Entity.csproj", "{E63D970F-FFE7-4187-81B7-CD4760D1E15E}"
EndProject
Global
	GlobalSection(SolutionConfigurationPlatforms) = preSolution
		Debug|Any CPU = Debug|Any CPU
		Release|Any CPU = Release|Any CPU
	EndGlobalSection
	GlobalSection(ProjectConfigurationPlatforms) = postSolution
		{AE2309CA-F64A-4130-8CE4-D7DD7FC1FB98}.Debug|Any CPU.ActiveCfg = Debug|Any CPU
		{AE2309CA-F64A-4130-8CE4-D7DD7FC1FB98}.Debug|Any CPU.Build.0 = Debug|Any CPU
		{AE2309CA-F64A-4130-8CE4-D7DD7FC1FB98}.Release|Any CPU.ActiveCfg = Release|Any CPU
		{AE2309CA-F64A-4130-8CE4-D7DD7FC1FB98}.Release|Any CPU.Build.0 = Release|Any CPU
		{7042B77A-7154-41F5-9D39-5AE45C318867}.Debug|Any CPU.ActiveCfg = Debug|Any CPU
		{7042B77A-7154-41F5-9D39-5AE45C318867}.Debug|Any CPU.Build.0 = Debug|Any CPU
		{7042B77A-7154-41F5-9D39-5AE45C318867}.Release|Any CPU.ActiveCfg = Release|Any CPU
		{7042B77A-7154-41F5-9D39-5AE45C318867}.Release|Any CPU.Build.0 = Release|Any CPU
		{7D89182F-AE1B-4112-A41A-468A71614752}.Debug|Any CPU.ActiveCfg = Debug|Any CPU
		{7D89182F-AE1B-4112-A41A-468A71614752}.Debug|Any CPU.Build.0 = Debug|Any CPU
		{7D89182F-AE1B-4112-A41A-468A71614752}.Release|Any CPU.ActiveCfg = Release|Any CPU
		{7D89182F-AE1B-4112-A41A-468A71614752}.Release|Any CPU.Build.0 = Release|Any CPU
		{FD61DF36-CBF0-40C7-87FA-0E75AC8B43E7}.Debug|Any CPU.ActiveCfg = Debug|Any CPU
		{FD61DF36-CBF0-40C7-87FA-0E75AC8B43E7}.Debug|Any CPU.Build.0 = Debug|Any CPU
		{FD61DF36-CBF0-40C7-87FA-0E75AC8B43E7}.Release|Any CPU.ActiveCfg = Release|Any CPU
		{FD61DF36-CBF0-40C7-87FA-0E75AC8B43E7}.Release|Any CPU.Build.0 = Release|Any CPU
		{629D3B59-AC93-44A6-9F6A-69FF1A90453B}.Debug|Any CPU.ActiveCfg = Debug|Any CPU
		{629D3B59-AC93-44A6-9F6A-69FF1A90453B}.Debug|Any CPU.Build.0 = Debug|Any CPU
		{629D3B59-AC93-44A6-9F6A-69FF1A90453B}.Release|Any CPU.ActiveCfg = Release|Any CPU
		{629D3B59-AC93-44A6-9F6A-69FF1A90453B}.Release|Any CPU.Build.0 = Release|Any CPU
		{75C0F507-A07C-45CD-BD39-C4400C2A8464}.Debug|Any CPU.ActiveCfg = Debug|Any CPU
		{75C0F507-A07C-45CD-BD39-C4400C2A8464}.Debug|Any CPU.Build.0 = Debug|Any CPU
		{75C0F507-A07C-45CD-BD39-C4400C2A8464}.Release|Any CPU.ActiveCfg = Release|Any CPU
		{75C0F507-A07C-45CD-BD39-C4400C2A8464}.Release|Any CPU.Build.0 = Release|Any CPU
		{652C2871-EE21-4A9A-9B4B-9E4512CC2FD1}.Debug|Any CPU.ActiveCfg = Debug|Any CPU
		{652C2871-EE21-4A9A-9B4B-9E4512CC2FD1}.Debug|Any CPU.Build.0 = Debug|Any CPU
		{652C2871-EE21-4A9A-9B4B-9E4512CC2FD1}.Release|Any CPU.ActiveCfg = Release|Any CPU
		{652C2871-EE21-4A9A-9B4B-9E4512CC2FD1}.Release|Any CPU.Build.0 = Release|Any CPU
		{E63D970F-FFE7-4187-81B7-CD4760D1E15E}.Debug|Any CPU.ActiveCfg = Debug|Any CPU
		{E63D970F-FFE7-4187-81B7-CD4760D1E15E}.Debug|Any CPU.Build.0 = Debug|Any CPU
		{E63D970F-FFE7-4187-81B7-CD4760D1E15E}.Release|Any CPU.ActiveCfg = Release|Any CPU
		{E63D970F-FFE7-4187-81B7-CD4760D1E15E}.Release|Any CPU.Build.0 = Release|Any CPU
	EndGlobalSection
	GlobalSection(SolutionProperties) = preSolution
		HideSolutionNode = FALSE
	EndGlobalSection
	GlobalSection(NestedProjects) = preSolution
		{AE2309CA-F64A-4130-8CE4-D7DD7FC1FB98} = {E757A9AC-0F85-4289-8AEF-E09A0B8C4EA9}
		{7042B77A-7154-41F5-9D39-5AE45C318867} = {D3AE0ECF-7C4B-4748-BB7A-60F1CB1ACCB1}
		{7D89182F-AE1B-4112-A41A-468A71614752} = {58FAFC4A-951E-4FBA-8F84-D2F88489597A}
		{FD61DF36-CBF0-40C7-87FA-0E75AC8B43E7} = {80BEAECE-EE7C-46D0-8177-61DF56175F3D}
		{629D3B59-AC93-44A6-9F6A-69FF1A90453B} = {1C41034D-6555-4D34-8E45-B055E6531443}
		{75C0F507-A07C-45CD-BD39-C4400C2A8464} = {1C41034D-6555-4D34-8E45-B055E6531443}
		{652C2871-EE21-4A9A-9B4B-9E4512CC2FD1} = {E757A9AC-0F85-4289-8AEF-E09A0B8C4EA9}
		{E63D970F-FFE7-4187-81B7-CD4760D1E15E} = {1C41034D-6555-4D34-8E45-B055E6531443}
	EndGlobalSection
EndGlobal
